
Microsoft Visual Studio Solution File, Format Version 12.00
# Visual Studio Version 16
VisualStudioVersion = 16.0.30611.23
MinimumVisualStudioVersion = 10.0.40219.1
Project("{FAE04EC0-301F-11D3-BF4B-00C04F79EFBC}") = "LR7", "LR7.csproj", "{1336ABF6-0848-426B-8732-91246A18A729}"
EndProject
Global
	GlobalSection(SolutionConfigurationPlatforms) = preSolution
		Debug|Any CPU = Debug|Any CPU
		Release|Any CPU = Release|Any CPU
	EndGlobalSection
	GlobalSection(ProjectConfigurationPlatforms) = postSolution
		{1336ABF6-0848-426B-8732-91246A18A729}.Debug|Any CPU.ActiveCfg = Debug|Any CPU
		{1336ABF6-0848-426B-8732-91246A18A729}.Debug|Any CPU.Build.0 = Debug|Any CPU
		{1336ABF6-0848-426B-8732-91246A18A729}.Release|Any CPU.ActiveCfg = Release|Any CPU
		{1336ABF6-0848-426B-8732-91246A18A729}.Release|Any CPU.Build.0 = Release|Any CPU
	EndGlobalSection
	GlobalSection(SolutionProperties) = preSolution
		HideSolutionNode = FALSE
	EndGlobalSection
	GlobalSection(ExtensibilityGlobals) = postSolution
		SolutionGuid = {CB24491B-D206-48A7-A56D-AD5763D0F062}
	EndGlobalSection
EndGlobal
